
Microsoft Visual Studio Solution File, Format Version 12.00
# Visual Studio 15
VisualStudioVersion = 15.0.28307.329
MinimumVisualStudioVersion = 10.0.40219.1
Project("{FAE04EC0-301F-11D3-BF4B-00C04F79EFBC}") = "FileManager", "FileManager\FileManager.csproj", "{CC64005B-D74B-435D-A99E-976860AA7C10}"
EndProject
Global
	GlobalSection(SolutionConfigurationPlatforms) = preSolution
		Debug|Any CPU = Debug|Any CPU
		Release|Any CPU = Release|Any CPU
	EndGlobalSection
	GlobalSection(ProjectConfigurationPlatforms) = postSolution
		{CC64005B-D74B-435D-A99E-976860AA7C10}.Debug|Any CPU.ActiveCfg = Debug|Any CPU
		{CC64005B-D74B-435D-A99E-976860AA7C10}.Debug|Any CPU.Build.0 = Debug|Any CPU
		{CC64005B-D74B-435D-A99E-976860AA7C10}.Release|Any CPU.ActiveCfg = Release|Any CPU
		{CC64005B-D74B-435D-A99E-976860AA7C10}.Release|Any CPU.Build.0 = Release|Any CPU
	EndGlobalSection
	GlobalSection(SolutionProperties) = preSolution
		HideSolutionNode = FALSE
	EndGlobalSection
	GlobalSection(ExtensibilityGlobals) = postSolution
		SolutionGuid = {A45070AC-07CB-456E-AC17-AEF1A6178BF1}
	EndGlobalSection
EndGlobal
